{
    "_meta": {
        "hash": {
            "sha256": "2bc9d2ae1f0b161a1fb522c46d0deca76ef0ee0ace58c96e07fd17148f63eade"
        },
        "pipfile-spec": 6,
        "requires": {
            "python_version": "3.7"
        },
        "sources": [
            {
                "name": "pypi",
                "url": "https://pypi.org/simple",
                "verify_ssl": true
            }
        ]
    },
    "default": {
        "certifi": {
            "hashes": [
                "sha256:1a4995114262bffbc2413b159f2a1a480c969de6e6eb13ee966d470af86af59c",
                "sha256:719a74fb9e33b9bd44cc7f3a8d94bc35e4049deebe19ba7d8e108280cfd59830"
            ],
            "version": "==2020.12.5"
        },
        "chardet": {
            "hashes": [
                "sha256:0d6f53a15db4120f2b08c94f11e7d93d2c911ee118b6b30a04ec3ee8310179fa",
                "sha256:f864054d66fd9118f2e67044ac8981a54775ec5b67aed0441892edb553d21da5"
            ],
            "version": "==4.0.0"
        },
        "docutils": {
            "hashes": [
                "sha256:02aec4bd92ab067f6ff27a38a38a41173bf01bed8f89157768c1573f53e474a6",
                "sha256:51e64ef2ebfb29cae1faa133b3710143496eca21c530f3f71424d77687764274",
                "sha256:7a4bd47eaf6596e1295ecb11361139febe29b084a87bf005bf899f9a42edc3c6"
            ],
            "index": "pypi",
            "version": "==0.14"
        },
        "idna": {
            "hashes": [
                "sha256:b307872f855b18632ce0c21c5e45be78c0ea7ae4c15c828c20788b26921eb3f6",
                "sha256:b97d804b1e9b523befed77c48dacec60e6dcb0b5391d57af6a65a312a90648c0"
            ],
            "version": "==2.10"
        },
        "kivy": {
            "hashes": [
                "sha256:05985f3e16065a476293695cef39f0b8faa81353475692b8c60ca2530ba08175",
                "sha256:44a64f72182dd40aceef2041259359513dafeeecc0891d2d23056799d51babb0",
                "sha256:48a0d3edf8fbc9206ebb7abae8d7e2017c5d5f81cf6e76c2e5510193d607420e",
                "sha256:6bbeccc9c52a264fb53b7aaa344d865f054da09cc08e15b482754c2d4e3a5cfd",
                "sha256:7131a24e30b80f9b7b6e7a1c124f0b5002ef58de35856aff38762b216a4e77fb",
                "sha256:77cd45a1aee9061c7474020def1b7b31eb4665e5424c45c23a6a7e4f5afee6b9",
                "sha256:7ce9e88b75de47a3f1d52cbe6924c18cafc83fa102e54f6794d241746e93fdff",
                "sha256:8f912c0742c7f9582676106ae5a526c3f38bc01a196edd26186c74975b08fad0",
                "sha256:952d7483b4f29ebeabb612897cdfdcdd12c33f1bdb51fb0082d36dfcf543ec0b",
                "sha256:b0ec00fd3a6dbe56c31510151e8bb14f54390dbc31c5047d61aa90d069c5ec04",
                "sha256:c4ad43fb04c899be27baa5a6e382c79620fc3602213221cb97da2280f345b2d6",
                "sha256:cb6f052d69748a7db70970e5a8ee3d96506751fcfcc8bf979424fcd788473037",
                "sha256:d1113ee88eaff5127ecc05121570f1f2adec21d7f1699ef1c6c2bf4396e51578"
            ],
            "index": "pypi",
            "version": "==1.10.1"
        },
        "kivy-garden": {
            "hashes": [
                "sha256:c256f42788421273a08fbb0a228f0fb0e80dd86b629fb8c0920507f645be6c72"
            ],
            "version": "==0.1.4"
        },
        "kivy.deps.angle": {
            "hashes": [
                "sha256:50605fdd4c9fdbe9f717069734a598a9aba0afe5d3f0412afbe2ecff0326e92d",
                "sha256:64ac7f33c000585dc30194e604aed925972c6b7c3848b5c3b073ae916fb0b55c",
                "sha256:99c40d53582a958748e251dfbd61aa67fb85963e27529ca08a21f2f5eeed04e1",
                "sha256:a2cea09e8a5e899629466403fbd540459f1cdef8d08c6c479b6607b95309be02",
                "sha256:b167e19b3eea55a9a8c606a607bb909ec1bedda88deee40347c780b310155a79",
                "sha256:b9d07976b0bf6bac724a42aa8ed5a8c7caa95609046db30c8f15bb731f8e4d36",
                "sha256:bb4d53f15a093214adbbe205c108ede5cc0f6af6eff104c1b8c468ddaaf6400a",
                "sha256:d0e7b7b9eb9669837a5d70808a7ea45f2b61961b56f9f69a233bad6bd36ce260"
            ],
            "index": "pypi",
            "version": "==0.3.0"
        },
        "kivy.deps.glew": {
            "hashes": [
                "sha256:28aa195875a767314b12091842bdcf832401077f9e65dd9975059ddb978f2f75",
                "sha256:3e6f3376ea65b3ced19f07c63f831aa8d3028fac6970d01b400b031fbb8bbe4d",
                "sha256:4166c62999ed8a68036540bf154e25cc92ec1563fe78111926238f59b44a9af3",
                "sha256:5a63e3dd0affef2613410fe5b9b8572f1932ae2285db60071446d62f37961825",
                "sha256:6c941f321fa8fd34083054f74b9a810bc2a1f3e2560e4fa3df31995c9971f94a",
                "sha256:a57fece21c313c90c0f51a0c2b3e172a2f807bee867e0e5fad1cc014213a3543",
                "sha256:a79cc62489b1fc8dbe62aab7482865c670e1e781ec9b3f0d93f5bc87423af435",
                "sha256:f836e249970b2e1fc0a0d1bd3716892165ee5180214c071c0f804a934c363396"
            ],
            "index": "pypi",
            "version": "==0.3.0"
        },
        "kivy.deps.sdl2": {
            "hashes": [
                "sha256:0eb620812b60c7cba067b2c4770a2a8a633b18064dc7b777fe887b881e1990c4",
                "sha256:1004b694ca048d3d4d8100e8e521b54a80bb6ac39c534d6918896731fb631a9a",
                "sha256:14edd9043a1145afedba5eb6225cd7e8a1f5724f2ead05b10db7e1e1686ae353",
                "sha256:55946dc99c02a02fca1843407c5a67e3e20ca4d67ec2378da8f71897bf48f05c",
                "sha256:593b5564c332fa92553a6e0599e39c3d95ea6ec923f9e070f0e0aa5ce8068bf9",
                "sha256:9817003d1643b84ba7e26dd8313c6715cb439293e35f3496af014f1a3a242bb5",
                "sha256:af4e450037bc8b8edb6a902861f49244ce687e679fa5aa681433d26b47ab216a",
                "sha256:f3cd7cdc5634186fd45a66c34aec3dc1be28811b52c250b3094778bf67f1b019"
            ],
            "index": "pypi",
            "version": "==0.4.2"
        },
        "pygments": {
            "hashes": [
                "sha256:bc9591213a8f0e0ca1a5e68a479b4887fdc3e75d0774e5c71c31920c427de435",
                "sha256:df49d09b498e83c1a73128295860250b0b7edd4c723a32e9bc0d295c7c2ec337"
            ],
            "index": "pypi",
            "version": "==2.7.4"
        },
        "pypiwin32": {
            "hashes": [
                "sha256:67adf399debc1d5d14dffc1ab5acacb800da569754fafdc576b2a039485aa775",
                "sha256:71be40c1fbd28594214ecaecb58e7aa8b708eabfa0125c8a109ebd51edbd776a"
            ],
            "index": "pypi",
            "version": "==223"
        },
        "pywin32": {
            "hashes": [
                "sha256:1c204a81daed2089e55d11eefa4826c05e604d27fe2be40b6bf8db7b6a39da63",
                "sha256:27a30b887afbf05a9cbb05e3ffd43104a9b71ce292f64a635389dbad0ed1cd85",
                "sha256:350c5644775736351b77ba68da09a39c760d75d2467ecec37bd3c36a94fbed64",
                "sha256:60a8fa361091b2eea27f15718f8eb7f9297e8d51b54dbc4f55f3d238093d5190",
                "sha256:638b68eea5cfc8def537e43e9554747f8dee786b090e47ead94bfdafdb0f2f50",
                "sha256:8151e4d7a19262d6694162d6da85d99a16f8b908949797fd99c83a0bfaf5807d",
                "sha256:a3b4c48c852d4107e8a8ec980b76c94ce596ea66d60f7a697582ea9dce7e0db7",
                "sha256:b1609ce9bd5c411b81f941b246d683d6508992093203d4eb7f278f4ed1085c3f",
                "sha256:d7e8c7efc221f10d6400c19c32a031add1c4a58733298c09216f57b4fde110dc",
                "sha256:fbb3b1b0fbd0b4fc2a3d1d81fe0783e30062c1abed1d17c32b7879d55858cfae"
            ],
            "version": "==300"
        },
        "requests": {
            "hashes": [
                "sha256:27973dd4a904a4f13b263a19c866c13b92a39ed1c964655f025f3f8d3d75b804",
                "sha256:c210084e36a42ae6b9219e00e48287def368a26d03a048ddad7bfee44f75871e"
            ],
            "version": "==2.25.1"
        },
        "urllib3": {
            "hashes": [
                "sha256:2f4da4594db7e1e110a944bb1b551fdf4e6c136ad42e4234131391e21eb5b0df",
                "sha256:e7b021f7241115872f92f43c6508082facffbd1c048e3c6e2bb9c2a157e28937"
            ],
            "version": "==1.26.4"
        }
    },
    "develop": {}
}
